Microsoft Visual Studio Solution File, Format Version 11.00
# Visual Studio 2008

Project("{AF05CB63-68DF-9B93-FE17-E25F77604981}") = "HaniwaFPS", "Assembly-CSharp-firstpass.csproj", "{A5C971DA-8EC3-2CB5-67FB-C2AF26BA3E50}"
EndProject
Project("{AF05CB63-68DF-9B93-FE17-E25F77604981}") = "HaniwaFPS", "Assembly-CSharp.csproj", "{30F80E83-6B23-FDBF-F47E-7D91FE822382}"
EndProject
Project("{AF05CB63-68DF-9B93-FE17-E25F77604981}") = "HaniwaFPS", "Assembly-CSharp-Editor.csproj", "{1E4BFD94-44C1-258A-3A58-4AC026FDBDEA}"
EndProject
Global
	GlobalSection(SolutionConfigurationPlatforms) = preSolution
		Debug|Any CPU = Debug|Any CPU
		Release|Any CPU = Release|Any CPU
	EndGlobalSection
	GlobalSection(ProjectConfigurationPlatforms) = postSolution
		{A5C971DA-8EC3-2CB5-67FB-C2AF26BA3E50}.Debug|Any CPU.ActiveCfg = Debug|Any CPU
		{A5C971DA-8EC3-2CB5-67FB-C2AF26BA3E50}.Debug|Any CPU.Build.0 = Debug|Any CPU
		{A5C971DA-8EC3-2CB5-67FB-C2AF26BA3E50}.Release|Any CPU.ActiveCfg = Release|Any CPU
		{A5C971DA-8EC3-2CB5-67FB-C2AF26BA3E50}.Release|Any CPU.Build.0 = Release|Any CPU
		{30F80E83-6B23-FDBF-F47E-7D91FE822382}.Debug|Any CPU.ActiveCfg = Debug|Any CPU
		{30F80E83-6B23-FDBF-F47E-7D91FE822382}.Debug|Any CPU.Build.0 = Debug|Any CPU
		{30F80E83-6B23-FDBF-F47E-7D91FE822382}.Release|Any CPU.ActiveCfg = Release|Any CPU
		{30F80E83-6B23-FDBF-F47E-7D91FE822382}.Release|Any CPU.Build.0 = Release|Any CPU
		{1E4BFD94-44C1-258A-3A58-4AC026FDBDEA}.Debug|Any CPU.ActiveCfg = Debug|Any CPU
		{1E4BFD94-44C1-258A-3A58-4AC026FDBDEA}.Debug|Any CPU.Build.0 = Debug|Any CPU
		{1E4BFD94-44C1-258A-3A58-4AC026FDBDEA}.Release|Any CPU.ActiveCfg = Release|Any CPU
		{1E4BFD94-44C1-258A-3A58-4AC026FDBDEA}.Release|Any CPU.Build.0 = Release|Any CPU
	EndGlobalSection
	GlobalSection(SolutionProperties) = preSolution
		HideSolutionNode = FALSE
	EndGlobalSection
	GlobalSection(MonoDevelopProperties) = preSolution
		StartupItem = Assembly-CSharp.csproj
	EndGlobalSection
EndGlobal
